
Microsoft Visual Studio Solution File, Format Version 12.00
# Visual Studio Version 17
VisualStudioVersion = 17.2.32526.322
MinimumVisualStudioVersion = 10.0.40219.1
Project("{FAE04EC0-301F-11D3-BF4B-00C04F79EFBC}") = "MetaMaskSeedUnscrambler", "MetaMaskSeedUnscrambler\MetaMaskSeedUnscrambler.csproj", "{5AC0D2F1-BE53-4ED3-8944-6E263D9AF9BA}"
EndProject
Project("{9A19103F-16F7-4668-BE54-9A1E7A4F7556}") = "SeedUnscrambler", "SeedUnscrambler\SeedUnscrambler.csproj", "{03BDAD5D-284D-453E-B03E-3B241391C53A}"
EndProject
Project("{FAE04EC0-301F-11D3-BF4B-00C04F79EFBC}") = "AddressFinder", "AddressFinder\AddressFinder.csproj", "{BBBA5D26-082C-4EFA-B71B-CDBB2E6C650C}"
EndProject
Global
	GlobalSection(SolutionConfigurationPlatforms) = preSolution
		Debug|Any CPU = Debug|Any CPU
		Release|Any CPU = Release|Any CPU
	EndGlobalSection
	GlobalSection(ProjectConfigurationPlatforms) = postSolution
		{5AC0D2F1-BE53-4ED3-8944-6E263D9AF9BA}.Debug|Any CPU.ActiveCfg = Debug|Any CPU
		{5AC0D2F1-BE53-4ED3-8944-6E263D9AF9BA}.Debug|Any CPU.Build.0 = Debug|Any CPU
		{5AC0D2F1-BE53-4ED3-8944-6E263D9AF9BA}.Release|Any CPU.ActiveCfg = Release|Any CPU
		{5AC0D2F1-BE53-4ED3-8944-6E263D9AF9BA}.Release|Any CPU.Build.0 = Release|Any CPU
		{03BDAD5D-284D-453E-B03E-3B241391C53A}.Debug|Any CPU.ActiveCfg = Debug|Any CPU
		{03BDAD5D-284D-453E-B03E-3B241391C53A}.Debug|Any CPU.Build.0 = Debug|Any CPU
		{03BDAD5D-284D-453E-B03E-3B241391C53A}.Release|Any CPU.ActiveCfg = Release|Any CPU
		{03BDAD5D-284D-453E-B03E-3B241391C53A}.Release|Any CPU.Build.0 = Release|Any CPU
		{BBBA5D26-082C-4EFA-B71B-CDBB2E6C650C}.Debug|Any CPU.ActiveCfg = Debug|Any CPU
		{BBBA5D26-082C-4EFA-B71B-CDBB2E6C650C}.Debug|Any CPU.Build.0 = Debug|Any CPU
		{BBBA5D26-082C-4EFA-B71B-CDBB2E6C650C}.Release|Any CPU.ActiveCfg = Release|Any CPU
		{BBBA5D26-082C-4EFA-B71B-CDBB2E6C650C}.Release|Any CPU.Build.0 = Release|Any CPU
	EndGlobalSection
	GlobalSection(SolutionProperties) = preSolution
		HideSolutionNode = FALSE
	EndGlobalSection
	GlobalSection(ExtensibilityGlobals) = postSolution
		SolutionGuid = {6CD2E270-4FC1-4B78-BEA2-891610F57FA1}
	EndGlobalSection
EndGlobal
